
Microsoft Visual Studio Solution File, Format Version 12.00
# Visual Studio Version 17
VisualStudioVersion = 17.6.33723.286
MinimumVisualStudioVersion = 10.0.40219.1
Project("{FAE04EC0-301F-11D3-BF4B-00C04F79EFBC}") = "TheHiddenTreasuresWCF", "TheHiddenTreasuresWCF.csproj", "{C5D7F8CB-2E9F-474F-BBAE-CC1FA3B6FDD6}"
EndProject
Global
	GlobalSection(SolutionConfigurationPlatforms) = preSolution
		Debug|Any CPU = Debug|Any CPU
		Release|Any CPU = Release|Any CPU
	EndGlobalSection
	GlobalSection(ProjectConfigurationPlatforms) = postSolution
		{C5D7F8CB-2E9F-474F-BBAE-CC1FA3B6FDD6}.Debug|Any CPU.ActiveCfg = Debug|Any CPU
		{C5D7F8CB-2E9F-474F-BBAE-CC1FA3B6FDD6}.Debug|Any CPU.Build.0 = Debug|Any CPU
		{C5D7F8CB-2E9F-474F-BBAE-CC1FA3B6FDD6}.Release|Any CPU.ActiveCfg = Release|Any CPU
		{C5D7F8CB-2E9F-474F-BBAE-CC1FA3B6FDD6}.Release|Any CPU.Build.0 = Release|Any CPU
	EndGlobalSection
	GlobalSection(SolutionProperties) = preSolution
		HideSolutionNode = FALSE
	EndGlobalSection
	GlobalSection(ExtensibilityGlobals) = postSolution
		SolutionGuid = {546D0C7A-6B09-4BFE-BAC5-96EE256FFE68}
	EndGlobalSection
EndGlobal
